
Microsoft Visual Studio Solution File, Format Version 12.00
# Visual Studio Version 17
VisualStudioVersion = 17.4.33205.214
MinimumVisualStudioVersion = 10.0.40219.1
Project("{FAE04EC0-301F-11D3-BF4B-00C04F79EFBC}") = "Application", "Application\Application.csproj", "{4736DDB4-2FAC-455B-B6A8-CDE7F8F76C96}"
EndProject
Project("{FAE04EC0-301F-11D3-BF4B-00C04F79EFBC}") = "Domain", "Domain\Domain.csproj", "{7A1E4A42-5103-4B09-A64C-F05D68A6A81A}"
EndProject
Project("{FAE04EC0-301F-11D3-BF4B-00C04F79EFBC}") = "Persistence", "Persistence\Persistence.csproj", "{45734374-8CAD-4259-978F-8F2BCFEB7692}"
EndProject
Project("{FAE04EC0-301F-11D3-BF4B-00C04F79EFBC}") = "API", "API\API.csproj", "{28DC7CAC-BD26-47B9-82EB-C860EB848B08}"
EndProject
Global
	GlobalSection(SolutionConfigurationPlatforms) = preSolution
		Debug|Any CPU = Debug|Any CPU
		Release|Any CPU = Release|Any CPU
	EndGlobalSection
	GlobalSection(ProjectConfigurationPlatforms) = postSolution
		{4736DDB4-2FAC-455B-B6A8-CDE7F8F76C96}.Debug|Any CPU.ActiveCfg = Debug|Any CPU
		{4736DDB4-2FAC-455B-B6A8-CDE7F8F76C96}.Debug|Any CPU.Build.0 = Debug|Any CPU
		{4736DDB4-2FAC-455B-B6A8-CDE7F8F76C96}.Release|Any CPU.ActiveCfg = Release|Any CPU
		{4736DDB4-2FAC-455B-B6A8-CDE7F8F76C96}.Release|Any CPU.Build.0 = Release|Any CPU
		{7A1E4A42-5103-4B09-A64C-F05D68A6A81A}.Debug|Any CPU.ActiveCfg = Debug|Any CPU
		{7A1E4A42-5103-4B09-A64C-F05D68A6A81A}.Debug|Any CPU.Build.0 = Debug|Any CPU
		{7A1E4A42-5103-4B09-A64C-F05D68A6A81A}.Release|Any CPU.ActiveCfg = Release|Any CPU
		{7A1E4A42-5103-4B09-A64C-F05D68A6A81A}.Release|Any CPU.Build.0 = Release|Any CPU
		{45734374-8CAD-4259-978F-8F2BCFEB7692}.Debug|Any CPU.ActiveCfg = Debug|Any CPU
		{45734374-8CAD-4259-978F-8F2BCFEB7692}.Debug|Any CPU.Build.0 = Debug|Any CPU
		{45734374-8CAD-4259-978F-8F2BCFEB7692}.Release|Any CPU.ActiveCfg = Release|Any CPU
		{45734374-8CAD-4259-978F-8F2BCFEB7692}.Release|Any CPU.Build.0 = Release|Any CPU
		{28DC7CAC-BD26-47B9-82EB-C860EB848B08}.Debug|Any CPU.ActiveCfg = Debug|Any CPU
		{28DC7CAC-BD26-47B9-82EB-C860EB848B08}.Debug|Any CPU.Build.0 = Debug|Any CPU
		{28DC7CAC-BD26-47B9-82EB-C860EB848B08}.Release|Any CPU.ActiveCfg = Release|Any CPU
		{28DC7CAC-BD26-47B9-82EB-C860EB848B08}.Release|Any CPU.Build.0 = Release|Any CPU
	EndGlobalSection
	GlobalSection(SolutionProperties) = preSolution
		HideSolutionNode = FALSE
	EndGlobalSection
	GlobalSection(ExtensibilityGlobals) = postSolution
		SolutionGuid = {2D3ECB99-3C48-47D7-BE42-74510A51CA4C}
	EndGlobalSection
EndGlobal
